
Microsoft Visual Studio Solution File, Format Version 12.00
# Visual Studio Version 17
VisualStudioVersion = 17.0.31903.59
MinimumVisualStudioVersion = 10.0.40219.1
Project("{FAE04EC0-301F-11D3-BF4B-00C04F79EFBC}") = "MyLibrary", "myLibrary\MyLibrary.csproj", "{19B5A3DB-48EF-4CCD-96AB-1E8D823AAD51}"
EndProject
Project("{FAE04EC0-301F-11D3-BF4B-00C04F79EFBC}") = "MyLibrary.Tests", "MyLibrary.Tests\MyLibrary.Tests.csproj", "{C0C20835-713F-415F-A48E-7C15C709FBF0}"
EndProject
Global
	GlobalSection(SolutionConfigurationPlatforms) = preSolution
		Debug|Any CPU = Debug|Any CPU
		Release|Any CPU = Release|Any CPU
	EndGlobalSection
	GlobalSection(SolutionProperties) = preSolution
		HideSolutionNode = FALSE
	EndGlobalSection
	GlobalSection(ProjectConfigurationPlatforms) = postSolution
		{19B5A3DB-48EF-4CCD-96AB-1E8D823AAD51}.Debug|Any CPU.ActiveCfg = Debug|Any CPU
		{19B5A3DB-48EF-4CCD-96AB-1E8D823AAD51}.Debug|Any CPU.Build.0 = Debug|Any CPU
		{19B5A3DB-48EF-4CCD-96AB-1E8D823AAD51}.Release|Any CPU.ActiveCfg = Release|Any CPU
		{19B5A3DB-48EF-4CCD-96AB-1E8D823AAD51}.Release|Any CPU.Build.0 = Release|Any CPU
		{C0C20835-713F-415F-A48E-7C15C709FBF0}.Debug|Any CPU.ActiveCfg = Debug|Any CPU
		{C0C20835-713F-415F-A48E-7C15C709FBF0}.Debug|Any CPU.Build.0 = Debug|Any CPU
		{C0C20835-713F-415F-A48E-7C15C709FBF0}.Release|Any CPU.ActiveCfg = Release|Any CPU
		{C0C20835-713F-415F-A48E-7C15C709FBF0}.Release|Any CPU.Build.0 = Release|Any CPU
	EndGlobalSection
EndGlobal
